
Microsoft Visual Studio Solution File, Format Version 12.00
# Visual Studio Version 17
VisualStudioVersion = 17.8.34205.153
MinimumVisualStudioVersion = 10.0.40219.1
Project("{9A19103F-16F7-4668-BE54-9A1E7A4F7556}") = "WeatherInfo", "WeatherInfo\WeatherInfo.csproj", "{05DEF15A-AC0D-46CF-B256-268835618110}"
EndProject
Project("{FAE04EC0-301F-11D3-BF4B-00C04F79EFBC}") = "WeatherInfo.Tests", "WeatherInfo.Tests\WeatherInfo.Tests.csproj", "{7534F027-F7E5-4526-B233-FC537BD25143}"
EndProject
Global
	GlobalSection(SolutionConfigurationPlatforms) = preSolution
		Debug|Any CPU = Debug|Any CPU
		Release|Any CPU = Release|Any CPU
	EndGlobalSection
	GlobalSection(ProjectConfigurationPlatforms) = postSolution
		{05DEF15A-AC0D-46CF-B256-268835618110}.Debug|Any CPU.ActiveCfg = Debug|Any CPU
		{05DEF15A-AC0D-46CF-B256-268835618110}.Debug|Any CPU.Build.0 = Debug|Any CPU
		{05DEF15A-AC0D-46CF-B256-268835618110}.Release|Any CPU.ActiveCfg = Release|Any CPU
		{05DEF15A-AC0D-46CF-B256-268835618110}.Release|Any CPU.Build.0 = Release|Any CPU
		{7534F027-F7E5-4526-B233-FC537BD25143}.Debug|Any CPU.ActiveCfg = Debug|Any CPU
		{7534F027-F7E5-4526-B233-FC537BD25143}.Debug|Any CPU.Build.0 = Debug|Any CPU
		{7534F027-F7E5-4526-B233-FC537BD25143}.Release|Any CPU.ActiveCfg = Release|Any CPU
		{7534F027-F7E5-4526-B233-FC537BD25143}.Release|Any CPU.Build.0 = Release|Any CPU
	EndGlobalSection
	GlobalSection(SolutionProperties) = preSolution
		HideSolutionNode = FALSE
	EndGlobalSection
	GlobalSection(ExtensibilityGlobals) = postSolution
		SolutionGuid = {AECBC7F0-600C-4546-859E-90EFEC3EB610}
	EndGlobalSection
EndGlobal
